
Microsoft Visual Studio Solution File, Format Version 12.00
# Visual Studio Version 17
VisualStudioVersion = 17.0.31903.59
MinimumVisualStudioVersion = 10.0.40219.1
Project("{2150E333-8FDC-42A3-9474-1A3956D46DE8}") = "src", "src", "{827E0CD3-B72D-47B6-A68D-7590B98EB39B}"
EndProject
Project("{FAE04EC0-301F-11D3-BF4B-00C04F79EFBC}") = "Marqa.Service", "src\Marqa.Service\Marqa.Service.csproj", "{701F7A77-E3C8-4633-ACA4-6A49A011F150}"
EndProject
Project("{FAE04EC0-301F-11D3-BF4B-00C04F79EFBC}") = "Marqa.Domain", "src\Marqa.Domain\Marqa.Domain.csproj", "{E69D10E2-0135-43BD-809B-0EBBDA51EF82}"
EndProject
Project("{FAE04EC0-301F-11D3-BF4B-00C04F79EFBC}") = "Marqa.DataAccess", "src\Marqa.DataAccess\Marqa.DataAccess.csproj", "{D09ADD9E-0D79-49FF-9BA0-3E2ACB75B26F}"
EndProject
Project("{2150E333-8FDC-42A3-9474-1A3956D46DE8}") = "test", "test", "{0C88DD14-F956-CE84-757C-A364CCF449FC}"
EndProject
Project("{FAE04EC0-301F-11D3-BF4B-00C04F79EFBC}") = "Marqa.Tests", "test\Marqa.Tests\Marqa.Tests.csproj", "{CC67906E-CB58-465D-86A6-0710BE323C8A}"
EndProject
Project("{FAE04EC0-301F-11D3-BF4B-00C04F79EFBC}") = "Marqa.Admin.WebApi", "src\Marqa.Admin.WebApi\Marqa.Admin.WebApi.csproj", "{3210484A-B8B7-4B22-B553-53CD3B10923A}"
EndProject
Project("{FAE04EC0-301F-11D3-BF4B-00C04F79EFBC}") = "Marqa.Mobile.Parent.Api", "src\Marqa.Mobile.Parent.Api\Marqa.Mobile.Parent.Api.csproj", "{4EF18E90-5736-4A9B-8E7B-3CD7F09D9B01}"
EndProject
Project("{FAE04EC0-301F-11D3-BF4B-00C04F79EFBC}") = "Marqa.Mobile.Teacher.Api", "src\Marqa.Mobile.Teacher.Api\Marqa.Mobile.Teacher.Api.csproj", "{4CE718FD-CACF-44E9-8042-CEEF12039772}"
EndProject
Project("{FAE04EC0-301F-11D3-BF4B-00C04F79EFBC}") = "Marqa.Mobile.Student.Api", "src\Marqa.Mobile.Student.Api\Marqa.Mobile.Student.Api.csproj", "{1CCA40F7-A211-482A-B427-FD534F2736CD}"
EndProject
Project("{FAE04EC0-301F-11D3-BF4B-00C04F79EFBC}") = "Marqa.Teacher.WebApi", "src\Marqa.Teacher.WebApi\Marqa.Teacher.WebApi.csproj", "{9988CB53-4482-4B4F-BD2B-BEC668B4020F}"
EndProject
Project("{FAE04EC0-301F-11D3-BF4B-00C04F79EFBC}") = "Marqa.Student.WebApi", "src\Marqa.Student.WebApi\Marqa.Student.WebApi.csproj", "{87B20BF5-53A1-431F-8399-4BB031B8BB58}"
EndProject
Global
	GlobalSection(SolutionConfigurationPlatforms) = preSolution
		Debug|Any CPU = Debug|Any CPU
		Debug|x64 = Debug|x64
		Debug|x86 = Debug|x86
		Release|Any CPU = Release|Any CPU
		Release|x64 = Release|x64
		Release|x86 = Release|x86
	EndGlobalSection
	GlobalSection(ProjectConfigurationPlatforms) = postSolution
		{701F7A77-E3C8-4633-ACA4-6A49A011F150}.Debug|Any CPU.ActiveCfg = Debug|Any CPU
		{701F7A77-E3C8-4633-ACA4-6A49A011F150}.Debug|Any CPU.Build.0 = Debug|Any CPU
		{701F7A77-E3C8-4633-ACA4-6A49A011F150}.Debug|x64.ActiveCfg = Debug|Any CPU
		{701F7A77-E3C8-4633-ACA4-6A49A011F150}.Debug|x64.Build.0 = Debug|Any CPU
		{701F7A77-E3C8-4633-ACA4-6A49A011F150}.Debug|x86.ActiveCfg = Debug|Any CPU
		{701F7A77-E3C8-4633-ACA4-6A49A011F150}.Debug|x86.Build.0 = Debug|Any CPU
		{701F7A77-E3C8-4633-ACA4-6A49A011F150}.Release|Any CPU.ActiveCfg = Release|Any CPU
		{701F7A77-E3C8-4633-ACA4-6A49A011F150}.Release|Any CPU.Build.0 = Release|Any CPU
		{701F7A77-E3C8-4633-ACA4-6A49A011F150}.Release|x64.ActiveCfg = Release|Any CPU
		{701F7A77-E3C8-4633-ACA4-6A49A011F150}.Release|x64.Build.0 = Release|Any CPU
		{701F7A77-E3C8-4633-ACA4-6A49A011F150}.Release|x86.ActiveCfg = Release|Any CPU
		{701F7A77-E3C8-4633-ACA4-6A49A011F150}.Release|x86.Build.0 = Release|Any CPU
		{E69D10E2-0135-43BD-809B-0EBBDA51EF82}.Debug|Any CPU.ActiveCfg = Debug|Any CPU
		{E69D10E2-0135-43BD-809B-0EBBDA51EF82}.Debug|Any CPU.Build.0 = Debug|Any CPU
		{E69D10E2-0135-43BD-809B-0EBBDA51EF82}.Debug|x64.ActiveCfg = Debug|Any CPU
		{E69D10E2-0135-43BD-809B-0EBBDA51EF82}.Debug|x64.Build.0 = Debug|Any CPU
		{E69D10E2-0135-43BD-809B-0EBBDA51EF82}.Debug|x86.ActiveCfg = Debug|Any CPU
		{E69D10E2-0135-43BD-809B-0EBBDA51EF82}.Debug|x86.Build.0 = Debug|Any CPU
		{E69D10E2-0135-43BD-809B-0EBBDA51EF82}.Release|Any CPU.ActiveCfg = Release|Any CPU
		{E69D10E2-0135-43BD-809B-0EBBDA51EF82}.Release|Any CPU.Build.0 = Release|Any CPU
		{E69D10E2-0135-43BD-809B-0EBBDA51EF82}.Release|x64.ActiveCfg = Release|Any CPU
		{E69D10E2-0135-43BD-809B-0EBBDA51EF82}.Release|x64.Build.0 = Release|Any CPU
		{E69D10E2-0135-43BD-809B-0EBBDA51EF82}.Release|x86.ActiveCfg = Release|Any CPU
		{E69D10E2-0135-43BD-809B-0EBBDA51EF82}.Release|x86.Build.0 = Release|Any CPU
		{D09ADD9E-0D79-49FF-9BA0-3E2ACB75B26F}.Debug|Any CPU.ActiveCfg = Debug|Any CPU
		{D09ADD9E-0D79-49FF-9BA0-3E2ACB75B26F}.Debug|Any CPU.Build.0 = Debug|Any CPU
		{D09ADD9E-0D79-49FF-9BA0-3E2ACB75B26F}.Debug|x64.ActiveCfg = Debug|Any CPU
		{D09ADD9E-0D79-49FF-9BA0-3E2ACB75B26F}.Debug|x64.Build.0 = Debug|Any CPU
		{D09ADD9E-0D79-49FF-9BA0-3E2ACB75B26F}.Debug|x86.ActiveCfg = Debug|Any CPU
		{D09ADD9E-0D79-49FF-9BA0-3E2ACB75B26F}.Debug|x86.Build.0 = Debug|Any CPU
		{D09ADD9E-0D79-49FF-9BA0-3E2ACB75B26F}.Release|Any CPU.ActiveCfg = Release|Any CPU
		{D09ADD9E-0D79-49FF-9BA0-3E2ACB75B26F}.Release|Any CPU.Build.0 = Release|Any CPU
		{D09ADD9E-0D79-49FF-9BA0-3E2ACB75B26F}.Release|x64.ActiveCfg = Release|Any CPU
		{D09ADD9E-0D79-49FF-9BA0-3E2ACB75B26F}.Release|x64.Build.0 = Release|Any CPU
		{D09ADD9E-0D79-49FF-9BA0-3E2ACB75B26F}.Release|x86.ActiveCfg = Release|Any CPU
		{D09ADD9E-0D79-49FF-9BA0-3E2ACB75B26F}.Release|x86.Build.0 = Release|Any CPU
		{CC67906E-CB58-465D-86A6-0710BE323C8A}.Debug|Any CPU.ActiveCfg = Debug|Any CPU
		{CC67906E-CB58-465D-86A6-0710BE323C8A}.Debug|Any CPU.Build.0 = Debug|Any CPU
		{CC67906E-CB58-465D-86A6-0710BE323C8A}.Debug|x64.ActiveCfg = Debug|Any CPU
		{CC67906E-CB58-465D-86A6-0710BE323C8A}.Debug|x64.Build.0 = Debug|Any CPU
		{CC67906E-CB58-465D-86A6-0710BE323C8A}.Debug|x86.ActiveCfg = Debug|Any CPU
		{CC67906E-CB58-465D-86A6-0710BE323C8A}.Debug|x86.Build.0 = Debug|Any CPU
		{CC67906E-CB58-465D-86A6-0710BE323C8A}.Release|Any CPU.ActiveCfg = Release|Any CPU
		{CC67906E-CB58-465D-86A6-0710BE323C8A}.Release|Any CPU.Build.0 = Release|Any CPU
		{CC67906E-CB58-465D-86A6-0710BE323C8A}.Release|x64.ActiveCfg = Release|Any CPU
		{CC67906E-CB58-465D-86A6-0710BE323C8A}.Release|x64.Build.0 = Release|Any CPU
		{CC67906E-CB58-465D-86A6-0710BE323C8A}.Release|x86.ActiveCfg = Release|Any CPU
		{CC67906E-CB58-465D-86A6-0710BE323C8A}.Release|x86.Build.0 = Release|Any CPU
		{3210484A-B8B7-4B22-B553-53CD3B10923A}.Debug|Any CPU.ActiveCfg = Debug|Any CPU
		{3210484A-B8B7-4B22-B553-53CD3B10923A}.Debug|Any CPU.Build.0 = Debug|Any CPU
		{3210484A-B8B7-4B22-B553-53CD3B10923A}.Debug|x64.ActiveCfg = Debug|Any CPU
		{3210484A-B8B7-4B22-B553-53CD3B10923A}.Debug|x64.Build.0 = Debug|Any CPU
		{3210484A-B8B7-4B22-B553-53CD3B10923A}.Debug|x86.ActiveCfg = Debug|Any CPU
		{3210484A-B8B7-4B22-B553-53CD3B10923A}.Debug|x86.Build.0 = Debug|Any CPU
		{3210484A-B8B7-4B22-B553-53CD3B10923A}.Release|Any CPU.ActiveCfg = Release|Any CPU
		{3210484A-B8B7-4B22-B553-53CD3B10923A}.Release|Any CPU.Build.0 = Release|Any CPU
		{3210484A-B8B7-4B22-B553-53CD3B10923A}.Release|x64.ActiveCfg = Release|Any CPU
		{3210484A-B8B7-4B22-B553-53CD3B10923A}.Release|x64.Build.0 = Release|Any CPU
		{3210484A-B8B7-4B22-B553-53CD3B10923A}.Release|x86.ActiveCfg = Release|Any CPU
		{3210484A-B8B7-4B22-B553-53CD3B10923A}.Release|x86.Build.0 = Release|Any CPU
		{4EF18E90-5736-4A9B-8E7B-3CD7F09D9B01}.Debug|Any CPU.ActiveCfg = Debug|Any CPU
		{4EF18E90-5736-4A9B-8E7B-3CD7F09D9B01}.Debug|Any CPU.Build.0 = Debug|Any CPU
		{4EF18E90-5736-4A9B-8E7B-3CD7F09D9B01}.Debug|x64.ActiveCfg = Debug|Any CPU
		{4EF18E90-5736-4A9B-8E7B-3CD7F09D9B01}.Debug|x64.Build.0 = Debug|Any CPU
		{4EF18E90-5736-4A9B-8E7B-3CD7F09D9B01}.Debug|x86.ActiveCfg = Debug|Any CPU
		{4EF18E90-5736-4A9B-8E7B-3CD7F09D9B01}.Debug|x86.Build.0 = Debug|Any CPU
		{4EF18E90-5736-4A9B-8E7B-3CD7F09D9B01}.Release|Any CPU.ActiveCfg = Release|Any CPU
		{4EF18E90-5736-4A9B-8E7B-3CD7F09D9B01}.Release|Any CPU.Build.0 = Release|Any CPU
		{4EF18E90-5736-4A9B-8E7B-3CD7F09D9B01}.Release|x64.ActiveCfg = Release|Any CPU
		{4EF18E90-5736-4A9B-8E7B-3CD7F09D9B01}.Release|x64.Build.0 = Release|Any CPU
		{4EF18E90-5736-4A9B-8E7B-3CD7F09D9B01}.Release|x86.ActiveCfg = Release|Any CPU
		{4EF18E90-5736-4A9B-8E7B-3CD7F09D9B01}.Release|x86.Build.0 = Release|Any CPU
		{4CE718FD-CACF-44E9-8042-CEEF12039772}.Debug|Any CPU.ActiveCfg = Debug|Any CPU
		{4CE718FD-CACF-44E9-8042-CEEF12039772}.Debug|Any CPU.Build.0 = Debug|Any CPU
		{4CE718FD-CACF-44E9-8042-CEEF12039772}.Debug|x64.ActiveCfg = Debug|Any CPU
		{4CE718FD-CACF-44E9-8042-CEEF12039772}.Debug|x64.Build.0 = Debug|Any CPU
		{4CE718FD-CACF-44E9-8042-CEEF12039772}.Debug|x86.ActiveCfg = Debug|Any CPU
		{4CE718FD-CACF-44E9-8042-CEEF12039772}.Debug|x86.Build.0 = Debug|Any CPU
		{4CE718FD-CACF-44E9-8042-CEEF12039772}.Release|Any CPU.ActiveCfg = Release|Any CPU
		{4CE718FD-CACF-44E9-8042-CEEF12039772}.Release|Any CPU.Build.0 = Release|Any CPU
		{4CE718FD-CACF-44E9-8042-CEEF12039772}.Release|x64.ActiveCfg = Release|Any CPU
		{4CE718FD-CACF-44E9-8042-CEEF12039772}.Release|x64.Build.0 = Release|Any CPU
		{4CE718FD-CACF-44E9-8042-CEEF12039772}.Release|x86.ActiveCfg = Release|Any CPU
		{4CE718FD-CACF-44E9-8042-CEEF12039772}.Release|x86.Build.0 = Release|Any CPU
		{1CCA40F7-A211-482A-B427-FD534F2736CD}.Debug|Any CPU.ActiveCfg = Debug|Any CPU
		{1CCA40F7-A211-482A-B427-FD534F2736CD}.Debug|Any CPU.Build.0 = Debug|Any CPU
		{1CCA40F7-A211-482A-B427-FD534F2736CD}.Debug|x64.ActiveCfg = Debug|Any CPU
		{1CCA40F7-A211-482A-B427-FD534F2736CD}.Debug|x64.Build.0 = Debug|Any CPU
		{1CCA40F7-A211-482A-B427-FD534F2736CD}.Debug|x86.ActiveCfg = Debug|Any CPU
		{1CCA40F7-A211-482A-B427-FD534F2736CD}.Debug|x86.Build.0 = Debug|Any CPU
		{1CCA40F7-A211-482A-B427-FD534F2736CD}.Release|Any CPU.ActiveCfg = Release|Any CPU
		{1CCA40F7-A211-482A-B427-FD534F2736CD}.Release|Any CPU.Build.0 = Release|Any CPU
		{1CCA40F7-A211-482A-B427-FD534F2736CD}.Release|x64.ActiveCfg = Release|Any CPU
		{1CCA40F7-A211-482A-B427-FD534F2736CD}.Release|x64.Build.0 = Release|Any CPU
		{1CCA40F7-A211-482A-B427-FD534F2736CD}.Release|x86.ActiveCfg = Release|Any CPU
		{1CCA40F7-A211-482A-B427-FD534F2736CD}.Release|x86.Build.0 = Release|Any CPU
		{9988CB53-4482-4B4F-BD2B-BEC668B4020F}.Debug|Any CPU.ActiveCfg = Debug|Any CPU
		{9988CB53-4482-4B4F-BD2B-BEC668B4020F}.Debug|Any CPU.Build.0 = Debug|Any CPU
		{9988CB53-4482-4B4F-BD2B-BEC668B4020F}.Debug|x64.ActiveCfg = Debug|Any CPU
		{9988CB53-4482-4B4F-BD2B-BEC668B4020F}.Debug|x64.Build.0 = Debug|Any CPU
		{9988CB53-4482-4B4F-BD2B-BEC668B4020F}.Debug|x86.ActiveCfg = Debug|Any CPU
		{9988CB53-4482-4B4F-BD2B-BEC668B4020F}.Debug|x86.Build.0 = Debug|Any CPU
		{9988CB53-4482-4B4F-BD2B-BEC668B4020F}.Release|Any CPU.ActiveCfg = Release|Any CPU
		{9988CB53-4482-4B4F-BD2B-BEC668B4020F}.Release|Any CPU.Build.0 = Release|Any CPU
		{9988CB53-4482-4B4F-BD2B-BEC668B4020F}.Release|x64.ActiveCfg = Release|Any CPU
		{9988CB53-4482-4B4F-BD2B-BEC668B4020F}.Release|x64.Build.0 = Release|Any CPU
		{9988CB53-4482-4B4F-BD2B-BEC668B4020F}.Release|x86.ActiveCfg = Release|Any CPU
		{9988CB53-4482-4B4F-BD2B-BEC668B4020F}.Release|x86.Build.0 = Release|Any CPU
		{87B20BF5-53A1-431F-8399-4BB031B8BB58}.Debug|Any CPU.ActiveCfg = Debug|Any CPU
		{87B20BF5-53A1-431F-8399-4BB031B8BB58}.Debug|Any CPU.Build.0 = Debug|Any CPU
		{87B20BF5-53A1-431F-8399-4BB031B8BB58}.Debug|x64.ActiveCfg = Debug|Any CPU
		{87B20BF5-53A1-431F-8399-4BB031B8BB58}.Debug|x64.Build.0 = Debug|Any CPU
		{87B20BF5-53A1-431F-8399-4BB031B8BB58}.Debug|x86.ActiveCfg = Debug|Any CPU
		{87B20BF5-53A1-431F-8399-4BB031B8BB58}.Debug|x86.Build.0 = Debug|Any CPU
		{87B20BF5-53A1-431F-8399-4BB031B8BB58}.Release|Any CPU.ActiveCfg = Release|Any CPU
		{87B20BF5-53A1-431F-8399-4BB031B8BB58}.Release|Any CPU.Build.0 = Release|Any CPU
		{87B20BF5-53A1-431F-8399-4BB031B8BB58}.Release|x64.ActiveCfg = Release|Any CPU
		{87B20BF5-53A1-431F-8399-4BB031B8BB58}.Release|x64.Build.0 = Release|Any CPU
		{87B20BF5-53A1-431F-8399-4BB031B8BB58}.Release|x86.ActiveCfg = Release|Any CPU
		{87B20BF5-53A1-431F-8399-4BB031B8BB58}.Release|x86.Build.0 = Release|Any CPU
	EndGlobalSection
	GlobalSection(SolutionProperties) = preSolution
		HideSolutionNode = FALSE
	EndGlobalSection
	GlobalSection(NestedProjects) = preSolution
		{701F7A77-E3C8-4633-ACA4-6A49A011F150} = {827E0CD3-B72D-47B6-A68D-7590B98EB39B}
		{E69D10E2-0135-43BD-809B-0EBBDA51EF82} = {827E0CD3-B72D-47B6-A68D-7590B98EB39B}
		{D09ADD9E-0D79-49FF-9BA0-3E2ACB75B26F} = {827E0CD3-B72D-47B6-A68D-7590B98EB39B}
		{CC67906E-CB58-465D-86A6-0710BE323C8A} = {0C88DD14-F956-CE84-757C-A364CCF449FC}
		{3210484A-B8B7-4B22-B553-53CD3B10923A} = {827E0CD3-B72D-47B6-A68D-7590B98EB39B}
		{4EF18E90-5736-4A9B-8E7B-3CD7F09D9B01} = {827E0CD3-B72D-47B6-A68D-7590B98EB39B}
		{4CE718FD-CACF-44E9-8042-CEEF12039772} = {827E0CD3-B72D-47B6-A68D-7590B98EB39B}
		{1CCA40F7-A211-482A-B427-FD534F2736CD} = {827E0CD3-B72D-47B6-A68D-7590B98EB39B}
		{9988CB53-4482-4B4F-BD2B-BEC668B4020F} = {827E0CD3-B72D-47B6-A68D-7590B98EB39B}
		{87B20BF5-53A1-431F-8399-4BB031B8BB58} = {827E0CD3-B72D-47B6-A68D-7590B98EB39B}
	EndGlobalSection
EndGlobal
